{
  "name": "@protagonists/https",
  "version": "1.0.1",
  "lockfileVersion": 1,
  "requires": true,
  "dependencies": {
    "@protagonists/coerce": {
      "version": "1.0.6",
      "resolved": "https://registry.npmjs.org/@protagonists/coerce/-/coerce-1.0.6.tgz",
      "integrity": "sha512-mtZfa9BfsS77iwDUYnXyux/xFvPyF+haHGJt5ryzD9Ce+Y1nBIPJsKB3PVD+TsQ0MfwPLhnXm1wXDKbZY7fHCA==",
      "requires": {
        "@protagonists/deep": "^1.0.2"
      }
    },
    "@protagonists/deep": {
      "version": "1.0.3",
      "resolved": "https://registry.npmjs.org/@protagonists/deep/-/deep-1.0.3.tgz",
      "integrity": "sha512-6/lVvM+z/W+BMapuYJnBFVUFCpcW2RN0PuBAgiRH5NoaBjPSI4ULDpijv7VDxlWYm2vFaNfscD9O/UrbjawtlQ=="
    }
  }
}
